{
  "requires": true,
  "lockfileVersion": 1,
  "dependencies": {
    "debug": {
      "version": "2.6.9",
      "resolved": "http://registry-cnpm.hzins.com/debug/-/debug-2.6.9.tgz",
      "requires": {
        "ms": "2.0.0"
      },
      "dependencies": {
        "ms": {
          "version": "2.0.0",
          "resolved": "http://registry-cnpm.hzins.com/ms/-/ms-2.0.0.tgz",
          "integrity": "sha1-VgiurfwAvmwpAd9fmGF4jeDVl8g="
        }
      }
    },
    "ee-first": {
      "version": "1.1.1",
      "resolved": "http://registry-cnpm.hzins.com/ee-first/-/ee-first-1.1.1.tgz"
    },
    "encodeurl": {
      "version": "1.0.2",
      "resolved": "http://registry-cnpm.hzins.com/encodeurl/-/encodeurl-1.0.2.tgz"
    },
    "etag": {
      "version": "1.8.1",
      "resolved": "http://registry-cnpm.hzins.com/etag/-/etag-1.8.1.tgz"
    },
    "express": {
      "version": "4.17.1",
      "resolved": "http://registry-cnpm.hzins.com/express/-/express-4.17.1.tgz",
      "integrity": "sha1-RJH8OGBc9R+GKdOcK10Cb5ikwTQ=",
      "requires": {
        "accepts": "~1.3.7",
        "array-flatten": "1.1.1",
        "body-parser": "1.19.0",
        "content-disposition": "0.5.3",
        "content-type": "~1.0.4",
        "cookie": "0.4.0",
        "cookie-signature": "1.0.6",
        "debug": "2.6.9",
        "depd": "~1.1.2",
        "encodeurl": "~1.0.2",
        "escape-html": "~1.0.3",
        "etag": "~1.8.1",
        "finalhandler": "~1.1.2",
        "fresh": "0.5.2",
        "merge-descriptors": "1.0.1",
        "methods": "~1.1.2",
        "on-finished": "~2.3.0",
        "parseurl": "~1.3.3",
        "path-to-regexp": "0.1.7",
        "proxy-addr": "~2.0.5",
        "qs": "6.7.0",
        "range-parser": "~1.2.1",
        "safe-buffer": "5.1.2",
        "send": "0.17.1",
        "serve-static": "1.14.1",
        "setprototypeof": "1.1.1",
        "statuses": "~1.5.0",
        "type-is": "~1.6.18",
        "utils-merge": "1.0.1",
        "vary": "~1.1.2"
      },
      "dependencies": {
        "accepts": {
          "version": "1.3.7",
          "resolved": "http://registry-cnpm.hzins.com/accepts/-/accepts-1.3.7.tgz",
          "integrity": "sha512-Il80Qs2WjYlJIBNzNkK6KYqlVMTbZLXgHx2oT0pU/fjRHyEp+PEfEPY0R3WCwAGVOtauxh1hOxNgIf5bv7dQpA==",
          "requires": {
            "mime-types": "~2.1.24",
            "negotiator": "0.6.2"
          }
        },
        "array-flatten": {
          "version": "1.1.1",
          "resolved": "http://registry-cnpm.hzins.com/array-flatten/-/array-flatten-1.1.1.tgz",
          "integrity": "sha1-ml9pkFGx5wczKPKgCJaLZOopVdI="
        },
        "body-parser": {
          "version": "1.19.0",
          "resolved": "http://registry-cnpm.hzins.com/body-parser/-/body-parser-1.19.0.tgz",
          "integrity": "sha512-dhEPs72UPbDnAQJ9ZKMNTP6ptJaionhP5cBb541nXPlW60Jepo9RV/a4fX4XWW9CuFNK22krhrj1+rgzifNCsw==",
          "requires": {
            "bytes": "3.1.0",
            "content-type": "~1.0.4",
            "debug": "2.6.9",
            "depd": "~1.1.2",
            "http-errors": "1.7.2",
            "iconv-lite": "0.4.24",
            "on-finished": "~2.3.0",
            "qs": "6.7.0",
            "raw-body": "2.4.0",
            "type-is": "~1.6.17"
          }
        },
        "bytes": {
          "version": "3.1.0",
          "resolved": "http://registry-cnpm.hzins.com/bytes/-/bytes-3.1.0.tgz",
          "integrity": "sha512-zauLjrfCG+xvoyaqLoV8bLVXXNGC4JqlxFCutSDWA6fJrTo2ZuvLYTqZ7aHBLZSMOopbzwv8f+wZcVzfVTI2Dg=="
        },
        "content-disposition": {
          "version": "0.5.3",
          "resolved": "http://registry-cnpm.hzins.com/content-disposition/-/content-disposition-0.5.3.tgz",
          "integrity": "sha512-ExO0774ikEObIAEV9kDo50o+79VCUdEB6n6lzKgGwupcVeRlhrj3qGAfwq8G6uBJjkqLrhT0qEYFcWng8z1z0g==",
          "requires": {
            "safe-buffer": "5.1.2"
          }
        },
        "content-type": {
          "version": "1.0.4",
          "resolved": "http://registry-cnpm.hzins.com/content-type/-/content-type-1.0.4.tgz",
          "integrity": "sha512-hIP3EEPs8tB9AT1L+NUqtwOAps4mk2Zob89MWXMHjHWg9milF/j4osnnQLXBCBFBk/tvIG/tUc9mOUJiPBhPXA=="
        },
        "cookie": {
          "version": "0.4.0",
          "resolved": "http://registry-cnpm.hzins.com/cookie/-/cookie-0.4.0.tgz",
          "integrity": "sha512-+Hp8fLp57wnUSt0tY0tHEXh4voZRDnoIrZPqlo3DPiI4y9lwg/jqx+1Om94/W6ZaPDOUbnjOt/99w66zk+l1Xg=="
        },
        "cookie-signature": {
          "version": "1.0.6",
          "resolved": "http://registry-cnpm.hzins.com/cookie-signature/-/cookie-signature-1.0.6.tgz",
          "integrity": "sha1-4wOogrNCzD7oylE6eZmXNNqzriw="
        },
        "depd": {
          "version": "1.1.2",
          "resolved": "http://registry-cnpm.hzins.com/depd/-/depd-1.1.2.tgz",
          "integrity": "sha1-m81S4UwJd2PnSbJ0xDRu0uVgtak="
        },
        "destroy": {
          "version": "1.0.4",
          "resolved": "http://registry-cnpm.hzins.com/destroy/-/destroy-1.0.4.tgz",
          "integrity": "sha1-l4hXRCxEdJ5CBmE+N5RiBYJqvYA="
        },
        "escape-html": {
          "version": "1.0.3",
          "resolved": "http://registry-cnpm.hzins.com/escape-html/-/escape-html-1.0.3.tgz",
          "integrity": "sha1-Aljq5NPQwJdN4cFpGI7wBR0dGYg="
        },
        "http-errors": {
          "version": "1.7.2",
          "resolved": "http://registry-cnpm.hzins.com/http-errors/-/http-errors-1.7.2.tgz",
          "integrity": "sha512-uUQBt3H/cSIVfch6i1EuPNy/YsRSOUBXTVfZ+yR7Zjez3qjBz6i9+i4zjNaoqcoFVI4lQJ5plg63TvGfRSDCRg==",
          "requires": {
            "depd": "~1.1.2",
            "inherits": "2.0.3",
            "setprototypeof": "1.1.1",
            "statuses": ">= 1.5.0 < 2",
            "toidentifier": "1.0.0"
          }
        },
        "inherits": {
          "version": "2.0.3",
          "resolved": "http://registry-cnpm.hzins.com/inherits/-/inherits-2.0.3.tgz",
          "integrity": "sha1-Yzwsg+PaQqUC9SRmAiSA9CCCYd4="
        },
        "methods": {
          "version": "1.1.2",
          "resolved": "http://registry-cnpm.hzins.com/methods/-/methods-1.1.2.tgz",
          "integrity": "sha1-VSmk1nZUE07cxSZmVoNbD4Ua/O4="
        },
        "mime": {
          "version": "1.6.0",
          "resolved": "http://registry-cnpm.hzins.com/mime/-/mime-1.6.0.tgz",
          "integrity": "sha512-x0Vn8spI+wuJ1O6S7gnbaQg8Pxh4NNHb7KSINmEWKiPE4RKOplvijn+NkmYmmRgP68mc70j2EbeTFRsrswaQeg=="
        },
        "mime-db": {
          "version": "1.44.0",
          "resolved": "http://registry-cnpm.hzins.com/mime-db/-/mime-db-1.44.0.tgz",
          "integrity": "sha1-+hHF6wrKEzS0Izy01S8QxaYnL5I="
        },
        "mime-types": {
          "version": "2.1.27",
          "resolved": "http://registry-cnpm.hzins.com/mime-types/-/mime-types-2.1.27.tgz",
          "integrity": "sha1-R5SfmOJ56lMRn1ci4PNOUpvsAJ8=",
          "requires": {
            "mime-db": "1.44.0"
          }
        },
        "parseurl": {
          "version": "1.3.3",
          "resolved": "http://registry-cnpm.hzins.com/parseurl/-/parseurl-1.3.3.tgz",
          "integrity": "sha512-CiyeOxFT/JZyN5m0z9PfXw4SCBJ6Sygz1Dpl0wqjlhDEGGBP1GnsUVEL0p63hoG1fcj3fHynXi9NYO4nWOL+qQ=="
        },
        "path-to-regexp": {
          "version": "0.1.7",
          "resolved": "http://registry-cnpm.hzins.com/path-to-regexp/-/path-to-regexp-0.1.7.tgz",
          "integrity": "sha1-32BBeABfUi8V60SQ5yR6G/qmf4w="
        },
        "range-parser": {
          "version": "1.2.1",
          "resolved": "http://registry-cnpm.hzins.com/range-parser/-/range-parser-1.2.1.tgz",
          "integrity": "sha512-Hrgsx+orqoygnmhFbKaHE6c296J+HTAQXoxEF6gNupROmmGJRoyzfG3ccAveqCBrwr/2yxQ5BVd/GTl5agOwSg=="
        },
        "send": {
          "version": "0.17.1",
          "resolved": "http://registry-cnpm.hzins.com/send/-/send-0.17.1.tgz",
          "integrity": "sha512-BsVKsiGcQMFwT8UxypobUKyv7irCNRHk1T0G680vk88yf6LBByGcZJOTJCrTP2xVN6yI+XjPJcNuE3V4fT9sAg==",
          "requires": {
            "debug": "2.6.9",
            "depd": "~1.1.2",
            "destroy": "~1.0.4",
            "encodeurl": "~1.0.2",
            "escape-html": "~1.0.3",
            "etag": "~1.8.1",
            "fresh": "0.5.2",
            "http-errors": "~1.7.2",
            "mime": "1.6.0",
            "ms": "2.1.1",
            "on-finished": "~2.3.0",
            "range-parser": "~1.2.1",
            "statuses": "~1.5.0"
          }
        },
        "serve-static": {
          "version": "1.14.1",
          "resolved": "http://registry-cnpm.hzins.com/serve-static/-/serve-static-1.14.1.tgz",
          "integrity": "sha512-JMrvUwE54emCYWlTI+hGrGv5I8dEwmco/00EvkzIIsR7MqrHonbD9pO2MOfFnpFntl7ecpZs+3mW+XbQZu9QCg==",
          "requires": {
            "encodeurl": "~1.0.2",
            "escape-html": "~1.0.3",
            "parseurl": "~1.3.3",
            "send": "0.17.1"
          }
        },
        "vary": {
          "version": "1.1.2",
          "resolved": "http://registry-cnpm.hzins.com/vary/-/vary-1.1.2.tgz",
          "integrity": "sha1-IpnwLG3tMNSllhsLn3RSShj2NPw="
        }
      }
    },
    "finalhandler": {
      "version": "1.1.2",
      "resolved": "http://registry-cnpm.hzins.com/finalhandler/-/finalhandler-1.1.2.tgz",
      "requires": {
        "debug": "2.6.9",
        "encodeurl": "~1.0.2",
        "on-finished": "~2.3.0",
        "statuses": "~1.5.0"
      },
      "dependencies": {
        "debug": {
          "version": "http://registry-cnpm.hzins.com/debug/-/debug-2.6.9.tgz",
          "bundled": true,
          "dependencies": {
            "ms": {
              "version": "http://registry-cnpm.hzins.com/ms/-/ms-2.0.0.tgz",
              "bundled": true
            }
          }
        },
        "encodeurl": {
          "version": "http://registry-cnpm.hzins.com/encodeurl/-/encodeurl-1.0.2.tgz",
          "bundled": true
        },
        "escape-html": {
          "version": "http://registry-cnpm.hzins.com/escape-html/-/escape-html-1.0.3.tgz",
          "bundled": true
        },
        "on-finished": {
          "version": "http://registry-cnpm.hzins.com/on-finished/-/on-finished-2.3.0.tgz",
          "bundled": true
        },
        "parseurl": {
          "version": "http://registry-cnpm.hzins.com/parseurl/-/parseurl-1.3.3.tgz",
          "bundled": true
        },
        "statuses": {
          "version": "http://registry-cnpm.hzins.com/statuses/-/statuses-1.5.0.tgz",
          "bundled": true
        },
        "unpipe": {
          "version": "http://registry-cnpm.hzins.com/unpipe/-/unpipe-1.0.0.tgz",
          "bundled": true
        }
      }
    },
    "forwarded": {
      "version": "0.1.2",
      "resolved": "http://registry-cnpm.hzins.com/forwarded/-/forwarded-0.1.2.tgz"
    },
    "fresh": {
      "version": "0.5.2",
      "resolved": "http://registry-cnpm.hzins.com/fresh/-/fresh-0.5.2.tgz"
    },
    "iconv-lite": {
      "version": "0.4.24",
      "resolved": "http://registry-cnpm.hzins.com/iconv-lite/-/iconv-lite-0.4.24.tgz",
      "dependencies": {
        "safer-buffer": {
          "version": "http://registry-cnpm.hzins.com/safer-buffer/-/safer-buffer-2.1.2.tgz",
          "bundled": true
        }
      }
    },
    "media-typer": {
      "version": "0.3.0",
      "resolved": "http://registry-cnpm.hzins.com/media-typer/-/media-typer-0.3.0.tgz"
    },
    "merge-descriptors": {
      "version": "1.0.1",
      "resolved": "http://registry-cnpm.hzins.com/merge-descriptors/-/merge-descriptors-1.0.1.tgz"
    },
    "ms": {
      "version": "2.1.1",
      "resolved": "http://registry-cnpm.hzins.com/ms/-/ms-2.1.1.tgz"
    },
    "negotiator": {
      "version": "0.6.2",
      "resolved": "http://registry-cnpm.hzins.com/negotiator/-/negotiator-0.6.2.tgz"
    },
    "on-finished": {
      "version": "2.3.0",
      "resolved": "http://registry-cnpm.hzins.com/on-finished/-/on-finished-2.3.0.tgz",
      "requires": {
        "ee-first": "1.1.1"
      },
      "dependencies": {
        "ee-first": {
          "version": "http://registry-cnpm.hzins.com/ee-first/-/ee-first-1.1.1.tgz",
          "bundled": true
        }
      }
    },
    "proxy-addr": {
      "version": "2.0.6",
      "resolved": "http://registry-cnpm.hzins.com/proxy-addr/-/proxy-addr-2.0.6.tgz",
      "requires": {
        "forwarded": "~0.1.2"
      },
      "dependencies": {
        "forwarded": {
          "version": "http://registry-cnpm.hzins.com/forwarded/-/forwarded-0.1.2.tgz",
          "bundled": true
        },
        "ipaddr.js": {
          "version": "http://registry-cnpm.hzins.com/ipaddr.js/-/ipaddr.js-1.9.1.tgz",
          "bundled": true
        }
      }
    },
    "qs": {
      "version": "6.7.0",
      "resolved": "http://registry-cnpm.hzins.com/qs/-/qs-6.7.0.tgz"
    },
    "raw-body": {
      "version": "2.4.0",
      "resolved": "http://registry-cnpm.hzins.com/raw-body/-/raw-body-2.4.0.tgz",
      "requires": {
        "http-errors": "1.7.2",
        "iconv-lite": "0.4.24"
      },
      "dependencies": {
        "bytes": {
          "version": "http://registry-cnpm.hzins.com/bytes/-/bytes-3.1.0.tgz",
          "bundled": true
        },
        "http-errors": {
          "version": "1.7.2",
          "resolved": "http://registry-cnpm.hzins.com/http-errors/-/http-errors-1.7.2.tgz",
          "integrity": "sha512-uUQBt3H/cSIVfch6i1EuPNy/YsRSOUBXTVfZ+yR7Zjez3qjBz6i9+i4zjNaoqcoFVI4lQJ5plg63TvGfRSDCRg==",
          "requires": {
            "inherits": "2.0.3",
            "setprototypeof": "1.1.1",
            "statuses": ">= 1.5.0 < 2",
            "toidentifier": "1.0.0"
          }
        },
        "iconv-lite": {
          "version": "http://registry-cnpm.hzins.com/iconv-lite/-/iconv-lite-0.4.24.tgz",
          "bundled": true
        },
        "inherits": {
          "version": "2.0.3",
          "resolved": "http://registry-cnpm.hzins.com/inherits/-/inherits-2.0.3.tgz",
          "integrity": "sha1-Yzwsg+PaQqUC9SRmAiSA9CCCYd4="
        },
        "unpipe": {
          "version": "http://registry-cnpm.hzins.com/unpipe/-/unpipe-1.0.0.tgz",
          "bundled": true
        }
      }
    },
    "safe-buffer": {
      "version": "5.1.2",
      "resolved": "http://registry-cnpm.hzins.com/safe-buffer/-/safe-buffer-5.1.2.tgz"
    },
    "setprototypeof": {
      "version": "1.1.1",
      "resolved": "http://registry-cnpm.hzins.com/setprototypeof/-/setprototypeof-1.1.1.tgz"
    },
    "statuses": {
      "version": "1.5.0",
      "resolved": "http://registry-cnpm.hzins.com/statuses/-/statuses-1.5.0.tgz"
    },
    "toidentifier": {
      "version": "1.0.0",
      "resolved": "http://registry-cnpm.hzins.com/toidentifier/-/toidentifier-1.0.0.tgz"
    },
    "type-is": {
      "version": "1.6.18",
      "resolved": "http://registry-cnpm.hzins.com/type-is/-/type-is-1.6.18.tgz",
      "requires": {
        "media-typer": "0.3.0"
      },
      "dependencies": {
        "media-typer": {
          "version": "http://registry-cnpm.hzins.com/media-typer/-/media-typer-0.3.0.tgz",
          "bundled": true
        },
        "mime-types": {
          "version": "http://registry-cnpm.hzins.com/mime-types/-/mime-types-2.1.27.tgz",
          "bundled": true,
          "dependencies": {
            "mime-db": {
              "version": "http://registry-cnpm.hzins.com/mime-db/-/mime-db-1.44.0.tgz"
            }
          }
        }
      }
    },
    "utils-merge": {
      "version": "1.0.1",
      "resolved": "http://registry-cnpm.hzins.com/utils-merge/-/utils-merge-1.0.1.tgz"
    }
  }
}
